
Microsoft Visual Studio Solution File, Format Version 12.00
# Visual Studio 15
VisualStudioVersion = 15.0.28306.52
MinimumVisualStudioVersion = 10.0.40219.1
Project("{FAE04EC0-301F-11D3-BF4B-00C04F79EFBC}") = "ConvertXmlMsKeysToJson", "ConvertXmlMsKeysToJson\ConvertXmlMsKeysToJson.csproj", "{DE52738E-109A-40DC-A488-FAD620B0D9DA}"
EndProject
Global
	GlobalSection(SolutionConfigurationPlatforms) = preSolution
		Debug|Any CPU = Debug|Any CPU
		Release|Any CPU = Release|Any CPU
	EndGlobalSection
	GlobalSection(ProjectConfigurationPlatforms) = postSolution
		{DE52738E-109A-40DC-A488-FAD620B0D9DA}.Debug|Any CPU.ActiveCfg = Debug|Any CPU
		{DE52738E-109A-40DC-A488-FAD620B0D9DA}.Debug|Any CPU.Build.0 = Debug|Any CPU
		{DE52738E-109A-40DC-A488-FAD620B0D9DA}.Release|Any CPU.ActiveCfg = Release|Any CPU
		{DE52738E-109A-40DC-A488-FAD620B0D9DA}.Release|Any CPU.Build.0 = Release|Any CPU
	EndGlobalSection
	GlobalSection(SolutionProperties) = preSolution
		HideSolutionNode = FALSE
	EndGlobalSection
	GlobalSection(ExtensibilityGlobals) = postSolution
		SolutionGuid = {17DB47DA-D4D7-4A3E-A742-4CE278933DBB}
	EndGlobalSection
EndGlobal
